
Microsoft Visual Studio Solution File, Format Version 11.00
# Visual C++ Express 2010
Project("{8BC9CEB8-8B4A-11D0-8D11-00A0C91BC942}") = "CppLinq2010Express", "Test\CppLinq2010Express.vcxproj", "{F1095606-99A2-4DCF-B357-5A14115482D4}"
EndProject
Global
	GlobalSection(SolutionConfigurationPlatforms) = preSolution
		Debug|Win32 = Debug|Win32
		Release|Win32 = Release|Win32
	EndGlobalSection
	GlobalSection(ProjectConfigurationPlatforms) = postSolution
		{F1095606-99A2-4DCF-B357-5A14115482D4}.Debug|Win32.ActiveCfg = Debug|Win32
		{F1095606-99A2-4DCF-B357-5A14115482D4}.Debug|Win32.Build.0 = Debug|Win32
		{F1095606-99A2-4DCF-B357-5A14115482D4}.Release|Win32.ActiveCfg = Release|Win32
		{F1095606-99A2-4DCF-B357-5A14115482D4}.Release|Win32.Build.0 = Release|Win32
	EndGlobalSection
	GlobalSection(SolutionProperties) = preSolution
		HideSolutionNode = FALSE
	EndGlobalSection
EndGlobal
