
Microsoft Visual Studio Solution File, Format Version 12.00
# Visual Studio 2013
VisualStudioVersion = 12.0.30110.0
MinimumVisualStudioVersion = 10.0.40219.1
Project("{8BC9CEB8-8B4A-11D0-8D11-00A0C91BC942}") = "CppLinq2013", "Test\CppLinq2013.vcxproj", "{B2C5078E-E859-4BF8-A799-75653FE524AB}"
EndProject
Project("{8BC9CEB8-8B4A-11D0-8D11-00A0C91BC942}") = "CppLinq2013.Mini", "CppLinq.Mini\CppLinq2013.Mini.vcxproj", "{4CE7EBDE-D1A2-4B5D-853C-921668821E50}"
EndProject
Project("{2150E333-8FDC-42A3-9474-1A3956D46DE8}") = "Solution Items", "Solution Items", "{4203A08B-EAD5-4C1C-98AA-508D6A74CEAC}"
	ProjectSection(SolutionItems) = preProject
		.gitignore = .gitignore
	EndProjectSection
EndProject
Project("{8BC9CEB8-8B4A-11D0-8D11-00A0C91BC942}") = "CppLinq2013.UnitTest", "CppLinq2013.UnitTest\CppLinq2013.UnitTest.vcxproj", "{081E2554-9A17-45E3-9264-DC677FCE8DA2}"
EndProject
Global
	GlobalSection(SolutionConfigurationPlatforms) = preSolution
		Debug|Win32 = Debug|Win32
		Debug|x64 = Debug|x64
		Release|Win32 = Release|Win32
		Release|x64 = Release|x64
	EndGlobalSection
	GlobalSection(ProjectConfigurationPlatforms) = postSolution
		{B2C5078E-E859-4BF8-A799-75653FE524AB}.Debug|Win32.ActiveCfg = Debug|Win32
		{B2C5078E-E859-4BF8-A799-75653FE524AB}.Debug|Win32.Build.0 = Debug|Win32
		{B2C5078E-E859-4BF8-A799-75653FE524AB}.Debug|x64.ActiveCfg = Debug|x64
		{B2C5078E-E859-4BF8-A799-75653FE524AB}.Debug|x64.Build.0 = Debug|x64
		{B2C5078E-E859-4BF8-A799-75653FE524AB}.Release|Win32.ActiveCfg = Release|Win32
		{B2C5078E-E859-4BF8-A799-75653FE524AB}.Release|Win32.Build.0 = Release|Win32
		{B2C5078E-E859-4BF8-A799-75653FE524AB}.Release|x64.ActiveCfg = Release|x64
		{B2C5078E-E859-4BF8-A799-75653FE524AB}.Release|x64.Build.0 = Release|x64
		{4CE7EBDE-D1A2-4B5D-853C-921668821E50}.Debug|Win32.ActiveCfg = Debug|Win32
		{4CE7EBDE-D1A2-4B5D-853C-921668821E50}.Debug|Win32.Build.0 = Debug|Win32
		{4CE7EBDE-D1A2-4B5D-853C-921668821E50}.Debug|x64.ActiveCfg = Debug|x64
		{4CE7EBDE-D1A2-4B5D-853C-921668821E50}.Debug|x64.Build.0 = Debug|x64
		{4CE7EBDE-D1A2-4B5D-853C-921668821E50}.Release|Win32.ActiveCfg = Release|Win32
		{4CE7EBDE-D1A2-4B5D-853C-921668821E50}.Release|Win32.Build.0 = Release|Win32
		{4CE7EBDE-D1A2-4B5D-853C-921668821E50}.Release|x64.ActiveCfg = Release|x64
		{4CE7EBDE-D1A2-4B5D-853C-921668821E50}.Release|x64.Build.0 = Release|x64
		{081E2554-9A17-45E3-9264-DC677FCE8DA2}.Debug|Win32.ActiveCfg = Debug|Win32
		{081E2554-9A17-45E3-9264-DC677FCE8DA2}.Debug|Win32.Build.0 = Debug|Win32
		{081E2554-9A17-45E3-9264-DC677FCE8DA2}.Debug|x64.ActiveCfg = Debug|x64
		{081E2554-9A17-45E3-9264-DC677FCE8DA2}.Debug|x64.Build.0 = Debug|x64
		{081E2554-9A17-45E3-9264-DC677FCE8DA2}.Release|Win32.ActiveCfg = Release|Win32
		{081E2554-9A17-45E3-9264-DC677FCE8DA2}.Release|Win32.Build.0 = Release|Win32
		{081E2554-9A17-45E3-9264-DC677FCE8DA2}.Release|x64.ActiveCfg = Release|x64
		{081E2554-9A17-45E3-9264-DC677FCE8DA2}.Release|x64.Build.0 = Release|x64
	EndGlobalSection
	GlobalSection(SolutionProperties) = preSolution
		HideSolutionNode = FALSE
	EndGlobalSection
EndGlobal
